{
  "name": "daltons-ui-components",
  "lockfileVersion": 3,
  "requires": true,
  "packages": {
    "": {
      "name": "daltons-ui-components",
      "dependencies": {
        "astal": "/usr/share/astal/gjs"
      },
      "devDependencies": {
        "csstype": "^3.1.3"
      }
    },
    "../../../../../usr/share/astal/gjs": {
      "name": "astal",
      "license": "LGPL-2.1"
    },
    "node_modules/astal": {
      "resolved": "../../../../../usr/share/astal/gjs",
      "link": true
    },
    "node_modules/csstype": {
      "version": "3.1.3",
      "resolved": "https://registry.npmjs.org/csstype/-/csstype-3.1.3.tgz",
      "integrity": "sha512-M1uQkMl8rQK/szD0LNhtqxIPLpimGm8sOBwU7lLnCpSbTyY3yeU1Vc7l4KT5zT4s/yOxHH5O7tIuuLOCnLADRw==",
      "dev": true,
      "license": "MIT"
    }
  }
}
